
Microsoft Visual Studio Solution File, Format Version 12.00
# Visual Studio Version 16
VisualStudioVersion = 16.0.30711.63
MinimumVisualStudioVersion = 10.0.40219.1
Project("{FAE04EC0-301F-11D3-BF4B-00C04F79EFBC}") = "DemoConsole_Core", "DemoConsole_Core\DemoConsole_Core.csproj", "{643FF3EF-EA36-448D-BB2E-A6EFDCB1B795}"
EndProject
Global
	GlobalSection(SolutionConfigurationPlatforms) = preSolution
		Debug|Any CPU = Debug|Any CPU
		Release|Any CPU = Release|Any CPU
	EndGlobalSection
	GlobalSection(ProjectConfigurationPlatforms) = postSolution
		{643FF3EF-EA36-448D-BB2E-A6EFDCB1B795}.Debug|Any CPU.ActiveCfg = Debug|Any CPU
		{643FF3EF-EA36-448D-BB2E-A6EFDCB1B795}.Debug|Any CPU.Build.0 = Debug|Any CPU
		{643FF3EF-EA36-448D-BB2E-A6EFDCB1B795}.Release|Any CPU.ActiveCfg = Release|Any CPU
		{643FF3EF-EA36-448D-BB2E-A6EFDCB1B795}.Release|Any CPU.Build.0 = Release|Any CPU
	EndGlobalSection
	GlobalSection(SolutionProperties) = preSolution
		HideSolutionNode = FALSE
	EndGlobalSection
	GlobalSection(ExtensibilityGlobals) = postSolution
		SolutionGuid = {E1869F19-C735-4EF2-8F8A-7099098B4E53}
	EndGlobalSection
EndGlobal
